// !$*UTF8*$!
{
	archiveVersion = 1;
	classes = {
	};
	objectVersion = 50;
	objects = {

/* Begin PBXBuildFile section */
		525F072D24DFCFA600BBDD46 /* AppDelegate.swift in Sources */ = {isa = PBXBuildFile; fileRef = 525F072C24DFCFA600BBDD46 /* AppDelegate.swift */; };
		525F072F24DFCFA600BBDD46 /* SceneDelegate.swift in Sources */ = {isa = PBXBuildFile; fileRef = 525F072E24DFCFA600BBDD46 /* SceneDelegate.swift */; };
		525F073124DFCFA600BBDD46 /* ViewController.swift in Sources */ = {isa = PBXBuildFile; fileRef = 525F073024DFCFA600BBDD46 /* ViewController.swift */; };
		525F073424DFCFA700BBDD46 /* Main.storyboard in Resources */ = {isa = PBXBuildFile; fileRef = 525F073224DFCFA700BBDD46 /* Main.storyboard */; };
		525F073624DFCFB200BBDD46 /* Assets.xcassets in Resources */ = {isa = PBXBuildFile; fileRef = 525F073524DFCFB200BBDD46 /* Assets.xcassets */; };
		525F073924DFCFB200BBDD46 /* LaunchScreen.storyboard in Resources */ = {isa = PBXBuildFile; fileRef = 525F073724DFCFB200BBDD46 /* LaunchScreen.storyboard */; };
		525F074424DFCFB300BBDD46 /* tipTests.swift in Sources */ = {isa = PBXBuildFile; fileRef = 525F074324DFCFB300BBDD46 /* tipTests.swift */; };
		525F074F24DFCFB300BBDD46 /* tipUITests.swift in Sources */ = {isa = PBXBuildFile; fileRef = 525F074E24DFCFB300BBDD46 /* tipUITests.swift */; };
/* End PBXBuildFile section */

/* Begin PBXContainerItemProxy section */
		525F074024DFCFB300BBDD46 /* PBXContainerItemProxy */ = {
			isa = PBXContainerItemProxy;
			containerPortal = 525F072124DFCFA600BBDD46 /* Project object */;
			proxyType = 1;
			remoteGlobalIDString = 525F072824DFCFA600BBDD46;
			remoteInfo = tip;
		};
		525F074B24DFCFB300BBDD46 /* PBXContainerItemProxy */ = {
			isa = PBXContainerItemProxy;
			containerPortal = 525F072124DFCFA600BBDD46 /* Project object */;
			proxyType = 1;
			remoteGlobalIDString = 525F072824DFCFA600BBDD46;
			remoteInfo = tip;
		};
/* End PBXContainerItemProxy section */

/* Begin PBXFileReference section */
		525F072924DFCFA600BBDD46 /* tip.app */ = {isa = PBXFileReference; explicitFileType = wrapper.application; includeInIndex = 0; path = tip.app; sourceTree = BUILT_PRODUCTS_DIR; };
		525F072C24DFCFA600BBDD46 /* AppDelegate.swift */ = {isa = PBXFileReference; lastKnownFileType = sourcecode.swift; path = AppDelegate.swift; sourceTree = "<group>"; };
		525F072E24DFCFA600BBDD46 /* SceneDelegate.swift */ = {isa = PBXFileReference; lastKnownFileType = sourcecode.swift; path = SceneDelegate.swift; sourceTree = "<group>"; };
		525F073024DFCFA600BBDD46 /* ViewController.swift */ = {isa = PBXFileReference; lastKnownFileType = sourcecode.swift; path = ViewController.swift; sourceTree = "<group>"; };
		525F073324DFCFA700BBDD46 /* Base */ = {isa = PBXFileReference; lastKnownFileType = file.storyboard; name = Base; path = Base.lproj/Main.storyboard; sourceTree = "<group>"; };
		525F073524DFCFB200BBDD46 /* Assets.xcassets */ = {isa = PBXFileReference; lastKnownFileType = folder.assetcatalog; path = Assets.xcassets; sourceTree = "<group>"; };
		525F073824DFCFB200BBDD46 /* Base */ = {isa = PBXFileReference; lastKnownFileType = file.storyboard; name = Base; path = Base.lproj/LaunchScreen.storyboard; sourceTree = "<group>"; };
		525F073A24DFCFB200BBDD46 /* Info.plist */ = {isa = PBXFileReference; lastKnownFileType = text.plist.xml; path = Info.plist; sourceTree = "<group>"; };
		525F073F24DFCFB300BBDD46 /* tipTests.xctest */ = {isa = PBXFileReference; explicitFileType = wrapper.cfbundle; includeInIndex = 0; path = tipTests.xctest; sourceTree = BUILT_PRODUCTS_DIR; };
		525F074324DFCFB300BBDD46 /* tipTests.swift */ = {isa = PBXFileReference; lastKnownFileType = sourcecode.swift; path = tipTests.swift; sourceTree = "<group>"; };
		525F074524DFCFB300BBDD46 /* Info.plist */ = {isa = PBXFileReference; lastKnownFileType = text.plist.xml; path = Info.plist; sourceTree = "<group>"; };
		525F074A24DFCFB300BBDD46 /* tipUITests.xctest */ = {isa = PBXFileReference; explicitFileType = wrapper.cfbundle; includeInIndex = 0; path = tipUITests.xctest; sourceTree = BUILT_PRODUCTS_DIR; };
		525F074E24DFCFB300BBDD46 /* tipUITests.swift */ = {isa = PBXFileReference; lastKnownFileType = sourcecode.swift; path = tipUITests.swift; sourceTree = "<group>"; };
		525F075024DFCFB300BBDD46 /* Info.plist */ = {isa = PBXFileReference; lastKnownFileType = text.plist.xml; path = Info.plist; sourceTree = "<group>"; };
/* End PBXFileReference section */

/* Begin PBXFrameworksBuildPhase section */
		525F072624DFCFA600BBDD46 /* Frameworks */ = {
			isa = PBXFrameworksBuildPhase;
			buildActionMask = 2147483647;
			files = (
			);
			runOnlyForDeploymentPostprocessing = 0;
		};
		525F073C24DFCFB300BBDD46 /* Frameworks */ = {
			isa = PBXFrameworksBuildPhase;
			buildActionMask = 2147483647;
			files = (
			);
			runOnlyForDeploymentPostprocessing = 0;
		};
		525F074724DFCFB300BBDD46 /* Frameworks */ = {
			isa = PBXFrameworksBuildPhase;
			buildActionMask = 2147483647;
			files = (
			);
			runOnlyForDeploymentPostprocessing = 0;
		};
/* End PBXFrameworksBuildPhase section */

/* Begin PBXGroup section */
		525F072024DFCFA600BBDD46 = {
			isa = PBXGroup;
			children = (
				525F072B24DFCFA600BBDD46 /* tip */,
				525F074224DFCFB300BBDD46 /* tipTests */,
				525F074D24DFCFB300BBDD46 /* tipUITests */,
				525F072A24DFCFA600BBDD46 /* Products */,
			);
			sourceTree = "<group>";
		};
		525F072A24DFCFA600BBDD46 /* Products */ = {
			isa = PBXGroup;
			children = (
				525F072924DFCFA600BBDD46 /* tip.app */,
				525F073F24DFCFB300BBDD46 /* tipTests.xctest */,
				525F074A24DFCFB300BBDD46 /* tipUITests.xctest */,
			);
			name = Products;
			sourceTree = "<group>";
		};
		525F072B24DFCFA600BBDD46 /* tip */ = {
			isa = PBXGroup;
			children = (
				525F072C24DFCFA600BBDD46 /* AppDelegate.swift */,
				525F072E24DFCFA600BBDD46 /* SceneDelegate.swift */,
				525F073024DFCFA600BBDD46 /* ViewController.swift */,
				525F073224DFCFA700BBDD46 /* Main.storyboard */,
				525F073524DFCFB200BBDD46 /* Assets.xcassets */,
				525F073724DFCFB200BBDD46 /* LaunchScreen.storyboard */,
				525F073A24DFCFB200BBDD46 /* Info.plist */,
			);
			path = tip;
			sourceTree = "<group>";
		};
		525F074224DFCFB300BBDD46 /* tipTests */ = {
			isa = PBXGroup;
			children = (
				525F074324DFCFB300BBDD46 /* tipTests.swift */,
				525F074524DFCFB300BBDD46 /* Info.plist */,
			);
			path = tipTests;
			sourceTree = "<group>";
		};
		525F074D24DFCFB300BBDD46 /* tipUITests */ = {
			isa = PBXGroup;
			children = (
				525F074E24DFCFB300BBDD46 /* tipUITests.swift */,
				525F075024DFCFB300BBDD46 /* Info.plist */,
			);
			path = tipUITests;
			sourceTree = "<group>";
		};
/* End PBXGroup section */

/* Begin PBXNativeTarget section */
		525F072824DFCFA600BBDD46 /* tip */ = {
			isa = PBXNativeTarget;
			buildConfigurationList = 525F075324DFCFB300BBDD46 /* Build configuration list for PBXNativeTarget "tip" */;
			buildPhases = (
				525F072524DFCFA600BBDD46 /* Sources */,
				525F072624DFCFA600BBDD46 /* Frameworks */,
				525F072724DFCFA600BBDD46 /* Resources */,
			);
			buildRules = (
			);
			dependencies = (
			);
			name = tip;
			productName = tip;
			productReference = 525F072924DFCFA600BBDD46 /* tip.app */;
			productType = "com.apple.product-type.application";
		};
		525F073E24DFCFB300BBDD46 /* tipTests */ = {
			isa = PBXNativeTarget;
			buildConfigurationList = 525F075624DFCFB300BBDD46 /* Build configuration list for PBXNativeTarget "tipTests" */;
			buildPhases = (
				525F073B24DFCFB300BBDD46 /* Sources */,
				525F073C24DFCFB300BBDD46 /* Frameworks */,
				525F073D24DFCFB300BBDD46 /* Resources */,
			);
			buildRules = (
			);
			dependencies = (
				525F074124DFCFB300BBDD46 /* PBXTargetDependency */,
			);
			name = tipTests;
			productName = tipTests;
			productReference = 525F073F24DFCFB300BBDD46 /* tipTests.xctest */;
			productType = "com.apple.product-type.bundle.unit-test";
		};
		525F074924DFCFB300BBDD46 /* tipUITests */ = {
			isa = PBXNativeTarget;
			buildConfigurationList = 525F075924DFCFB300BBDD46 /* Build configuration list for PBXNativeTarget "tipUITests" */;
			buildPhases = (
				525F074624DFCFB300BBDD46 /* Sources */,
				525F074724DFCFB300BBDD46 /* Frameworks */,
				525F074824DFCFB300BBDD46 /* Resources */,
			);
			buildRules = (
			);
			dependencies = (
				525F074C24DFCFB300BBDD46 /* PBXTargetDependency */,
			);
			name = tipUITests;
			productName = tipUITests;
			productReference = 525F074A24DFCFB300BBDD46 /* tipUITests.xctest */;
			productType = "com.apple.product-type.bundle.ui-testing";
		};
/* End PBXNativeTarget section */

/* Begin PBXProject section */
		525F072124DFCFA600BBDD46 /* Project object */ = {
			isa = PBXProject;
			attributes = {
				LastSwiftUpdateCheck = 1160;
				LastUpgradeCheck = 1160;
				ORGANIZATIONNAME = Codepath;
				TargetAttributes = {
					525F072824DFCFA600BBDD46 = {
						CreatedOnToolsVersion = 11.6;
					};
					525F073E24DFCFB300BBDD46 = {
						CreatedOnToolsVersion = 11.6;
						TestTargetID = 525F072824DFCFA600BBDD46;
					};
					525F074924DFCFB300BBDD46 = {
						CreatedOnToolsVersion = 11.6;
						TestTargetID = 525F072824DFCFA600BBDD46;
					};
				};
			};
			buildConfigurationList = 525F072424DFCFA600BBDD46 /* Build configuration list for PBXProject "tip" */;
			compatibilityVersion = "Xcode 9.3";
			developmentRegion = en;
			hasScannedForEncodings = 0;
			knownRegions = (
				en,
				Base,
			);
			mainGroup = 525F072024DFCFA600BBDD46;
			productRefGroup = 525F072A24DFCFA600BBDD46 /* Products */;
			projectDirPath = "";
			projectRoot = "";
			targets = (
				525F072824DFCFA600BBDD46 /* tip */,
				525F073E24DFCFB300BBDD46 /* tipTests */,
				525F074924DFCFB300BBDD46 /* tipUITests */,
			);
		};
/* End PBXProject section */

/* Begin PBXResourcesBuildPhase section */
		525F072724DFCFA600BBDD46 /* Resources */ = {
			isa = PBXResourcesBuildPhase;
			buildActionMask = 2147483647;
			files = (
				525F073924DFCFB200BBDD46 /* LaunchScreen.storyboard in Resources */,
				525F073624DFCFB200BBDD46 /* Assets.xcassets in Resources */,
				525F073424DFCFA700BBDD46 /* Main.storyboard in Resources */,
			);
			runOnlyForDeploymentPostprocessing = 0;
		};
		525F073D24DFCFB300BBDD46 /* Resources */ = {
			isa = PBXResourcesBuildPhase;
			buildActionMask = 2147483647;
			files = (
			);
			runOnlyForDeploymentPostprocessing = 0;
		};
		525F074824DFCFB300BBDD46 /* Resources */ = {
			isa = PBXResourcesBuildPhase;
			buildActionMask = 2147483647;
			files = (
			);
			runOnlyForDeploymentPostprocessing = 0;
		};
/* End PBXResourcesBuildPhase section */

/* Begin PBXSourcesBuildPhase section */
		525F072524DFCFA600BBDD46 /* Sources */ = {
			isa = PBXSourcesBuildPhase;
			buildActionMask = 2147483647;
			files = (
				525F073124DFCFA600BBDD46 /* ViewController.swift in Sources */,
				525F072D24DFCFA600BBDD46 /* AppDelegate.swift in Sources */,
				525F072F24DFCFA600BBDD46 /* SceneDelegate.swift in Sources */,
			);
			runOnlyForDeploymentPostprocessing = 0;
		};
		525F073B24DFCFB300BBDD46 /* Sources */ = {
			isa = PBXSourcesBuildPhase;
			buildActionMask = 2147483647;
			files = (
				525F074424DFCFB300BBDD46 /* tipTests.swift in Sources */,
			);
			runOnlyForDeploymentPostprocessing = 0;
		};
		525F074624DFCFB300BBDD46 /* Sources */ = {
			isa = PBXSourcesBuildPhase;
			buildActionMask = 2147483647;
			files = (
				525F074F24DFCFB300BBDD46 /* tipUITests.swift in Sources */,
			);
			runOnlyForDeploymentPostprocessing = 0;
		};
/* End PBXSourcesBuildPhase section */

/* Begin PBXTargetDependency section */
		525F074124DFCFB300BBDD46 /* PBXTargetDependency */ = {
			isa = PBXTargetDependency;
			target = 525F072824DFCFA600BBDD46 /* tip */;
			targetProxy = 525F074024DFCFB300BBDD46 /* PBXContainerItemProxy */;
		};
		525F074C24DFCFB300BBDD46 /* PBXTargetDependency */ = {
			isa = PBXTargetDependency;
			target = 525F072824DFCFA600BBDD46 /* tip */;
			targetProxy = 525F074B24DFCFB300BBDD46 /* PBXContainerItemProxy */;
		};
/* End PBXTargetDependency section */

/* Begin PBXVariantGroup section */
		525F073224DFCFA700BBDD46 /* Main.storyboard */ = {
			isa = PBXVariantGroup;
			children = (
				525F073324DFCFA700BBDD46 /* Base */,
			);
			name = Main.storyboard;
			sourceTree = "<group>";
		};
		525F073724DFCFB200BBDD46 /* LaunchScreen.storyboard */ = {
			isa = PBXVariantGroup;
			children = (
				525F073824DFCFB200BBDD46 /* Base */,
			);
			name = LaunchScreen.storyboard;
			sourceTree = "<group>";
		};
/* End PBXVariantGroup section */

/* Begin XCBuildConfiguration section */
		525F075124DFCFB300BBDD46 /* Debug */ = {
			isa = XCBuildConfiguration;
			buildSettings = {
				ALWAYS_SEARCH_USER_PATHS = NO;
				CLANG_ANALYZER_NONNULL = YES;
				CLANG_ANALYZER_NUMBER_OBJECT_CONVERSION = YES_AGGRESSIVE;
				CLANG_CXX_LANGUAGE_STANDARD = "gnu++14";
				CLANG_CXX_LIBRARY = "libc++";
				CLANG_ENABLE_MODULES = YES;
				CLANG_ENABLE_OBJC_ARC = YES;
				CLANG_ENABLE_OBJC_WEAK = YES;
				CLANG_WARN_BLOCK_CAPTURE_AUTORELEASING = YES;
				CLANG_WARN_BOOL_CONVERSION = YES;
				CLANG_WARN_COMMA = YES;
				CLANG_WARN_CONSTANT_CONVERSION = YES;
				CLANG_WARN_DEPRECATED_OBJC_IMPLEMENTATIONS = YES;
				CLANG_WARN_DIRECT_OBJC_ISA_USAGE = YES_ERROR;
				CLANG_WARN_DOCUMENTATION_COMMENTS = YES;
				CLANG_WARN_EMPTY_BODY = YES;
				CLANG_WARN_ENUM_CONVERSION = YES;
				CLANG_WARN_INFINITE_RECURSION = YES;
				CLANG_WARN_INT_CONVERSION = YES;
				CLANG_WARN_NON_LITERAL_NULL_CONVERSION = YES;
				CLANG_WARN_OBJC_IMPLICIT_RETAIN_SELF = YES;
				CLANG_WARN_OBJC_LITERAL_CONVERSION = YES;
				CLANG_WARN_OBJC_ROOT_CLASS = YES_ERROR;
				CLANG_WARN_RANGE_LOOP_ANALYSIS = YES;
				CLANG_WARN_STRICT_PROTOTYPES = YES;
				CLANG_WARN_SUSPICIOUS_MOVE = YES;
				CLANG_WARN_UNGUARDED_AVAILABILITY = YES_AGGRESSIVE;
				CLANG_WARN_UNREACHABLE_CODE = YES;
				CLANG_WARN__DUPLICATE_METHOD_MATCH = YES;
				COPY_PHASE_STRIP = NO;
				DEBUG_INFORMATION_FORMAT = dwarf;
				ENABLE_STRICT_OBJC_MSGSEND = YES;
				ENABLE_TESTABILITY = YES;
				GCC_C_LANGUAGE_STANDARD = gnu11;
				GCC_DYNAMIC_NO_PIC = NO;
				GCC_NO_COMMON_BLOCKS = YES;
				GCC_OPTIMIZATION_LEVEL = 0;
				GCC_PREPROCESSOR_DEFINITIONS = (
					"DEBUG=1",
					"$(inherited)",
				);
				GCC_WARN_64_TO_32_BIT_CONVERSION = YES;
				GCC_WARN_ABOUT_RETURN_TYPE = YES_ERROR;
				GCC_WARN_UNDECLARED_SELECTOR = YES;
				GCC_WARN_UNINITIALIZED_AUTOS = YES_AGGRESSIVE;
				GCC_WARN_UNUSED_FUNCTION = YES;
				GCC_WARN_UNUSED_VARIABLE = YES;
				IPHONEOS_DEPLOYMENT_TARGET = 13.6;
				MTL_ENABLE_DEBUG_INFO = INCLUDE_SOURCE;
				MTL_FAST_MATH = YES;
				ONLY_ACTIVE_ARCH = YES;
				SDKROOT = iphoneos;
				SWIFT_ACTIVE_COMPILATION_CONDITIONS = DEBUG;
				SWIFT_OPTIMIZATION_LEVEL = "-Onone";
			};
			name = Debug;
		};
		525F075224DFCFB300BBDD46 /* Release */ = {
			isa = XCBuildConfiguration;
			buildSettings = {
				ALWAYS_SEARCH_USER_PATHS = NO;
				CLANG_ANALYZER_NONNULL = YES;
				CLANG_ANALYZER_NUMBER_OBJECT_CONVERSION = YES_AGGRESSIVE;
				CLANG_CXX_LANGUAGE_STANDARD = "gnu++14";
				CLANG_CXX_LIBRARY = "libc++";
				CLANG_ENABLE_MODULES = YES;
				CLANG_ENABLE_OBJC_ARC = YES;
				CLANG_ENABLE_OBJC_WEAK = YES;
				CLANG_WARN_BLOCK_CAPTURE_AUTORELEASING = YES;
				CLANG_WARN_BOOL_CONVERSION = YES;
				CLANG_WARN_COMMA = YES;
				CLANG_WARN_CONSTANT_CONVERSION = YES;
				CLANG_WARN_DEPRECATED_OBJC_IMPLEMENTATIONS = YES;
				CLANG_WARN_DIRECT_OBJC_ISA_USAGE = YES_ERROR;
				CLANG_WARN_DOCUMENTATION_COMMENTS = YES;
				CLANG_WARN_EMPTY_BODY = YES;
				CLANG_WARN_ENUM_CONVERSION = YES;
				CLANG_WARN_INFINITE_RECURSION = YES;
				CLANG_WARN_INT_CONVERSION = YES;
				CLANG_WARN_NON_LITERAL_NULL_CONVERSION = YES;
				CLANG_WARN_OBJC_IMPLICIT_RETAIN_SELF = YES;
				CLANG_WARN_OBJC_LITERAL_CONVERSION = YES;
				CLANG_WARN_OBJC_ROOT_CLASS = YES_ERROR;
				CLANG_WARN_RANGE_LOOP_ANALYSIS = YES;
				CLANG_WARN_STRICT_PROTOTYPES = YES;
				CLANG_WARN_SUSPICIOUS_MOVE = YES;
				CLANG_WARN_UNGUARDED_AVAILABILITY = YES_AGGRESSIVE;
				CLANG_WARN_UNREACHABLE_CODE = YES;
				CLANG_WARN__DUPLICATE_METHOD_MATCH = YES;
				COPY_PHASE_STRIP = NO;
				DEBUG_INFORMATION_FORMAT = "dwarf-with-dsym";
				ENABLE_NS_ASSERTIONS = NO;
				ENABLE_STRICT_OBJC_MSGSEND = YES;
				GCC_C_LANGUAGE_STANDARD = gnu11;
				GCC_NO_COMMON_BLOCKS = YES;
				GCC_WARN_64_TO_32_BIT_CONVERSION = YES;
				GCC_WARN_ABOUT_RETURN_TYPE = YES_ERROR;
				GCC_WARN_UNDECLARED_SELECTOR = YES;
				GCC_WARN_UNINITIALIZED_AUTOS = YES_AGGRESSIVE;
				GCC_WARN_UNUSED_FUNCTION = YES;
				GCC_WARN_UNUSED_VARIABLE = YES;
				IPHONEOS_DEPLOYMENT_TARGET = 13.6;
				MTL_ENABLE_DEBUG_INFO = NO;
				MTL_FAST_MATH = YES;
				SDKROOT = iphoneos;
				SWIFT_COMPILATION_MODE = wholemodule;
				SWIFT_OPTIMIZATION_LEVEL = "-O";
				VALIDATE_PRODUCT = YES;
			};
			name = Release;
		};
		525F075424DFCFB300BBDD46 /* Debug */ = {
			isa = XCBuildConfiguration;
			buildSettings = {
				ASSETCATALOG_COMPILER_APPICON_NAME = AppIcon;
				CODE_SIGN_STYLE = Automatic;
				INFOPLIST_FILE = tip/Info.plist;
				LD_RUNPATH_SEARCH_PATHS = (
					"$(inherited)",
					"@executable_path/Frameworks",
				);
				PRODUCT_BUNDLE_IDENTIFIER = Codepath.tip;
				PRODUCT_NAME = "$(TARGET_NAME)";
				SWIFT_VERSION = 5.0;
				TARGETED_DEVICE_FAMILY = "1,2";
			};
			name = Debug;
		};
		525F075524DFCFB300BBDD46 /* Release */ = {
			isa = XCBuildConfiguration;
			buildSettings = {
				ASSETCATALOG_COMPILER_APPICON_NAME = AppIcon;
				CODE_SIGN_STYLE = Automatic;
				INFOPLIST_FILE = tip/Info.plist;
				LD_RUNPATH_SEARCH_PATHS = (
					"$(inherited)",
					"@executable_path/Frameworks",
				);
				PRODUCT_BUNDLE_IDENTIFIER = Codepath.tip;
				PRODUCT_NAME = "$(TARGET_NAME)";
				SWIFT_VERSION = 5.0;
				TARGETED_DEVICE_FAMILY = "1,2";
			};
			name = Release;
		};
		525F075724DFCFB300BBDD46 /* Debug */ = {
			isa = XCBuildConfiguration;
			buildSettings = {
				ALWAYS_EMBED_SWIFT_STANDARD_LIBRARIES = YES;
				BUNDLE_LOADER = "$(TEST_HOST)";
				CODE_SIGN_STYLE = Automatic;
				INFOPLIST_FILE = tipTests/Info.plist;
				IPHONEOS_DEPLOYMENT_TARGET = 13.6;
				LD_RUNPATH_SEARCH_PATHS = (
					"$(inherited)",
					"@executable_path/Frameworks",
					"@loader_path/Frameworks",
				);
				PRODUCT_BUNDLE_IDENTIFIER = Codepath.tipTests;
				PRODUCT_NAME = "$(TARGET_NAME)";
				SWIFT_VERSION = 5.0;
				TARGETED_DEVICE_FAMILY = "1,2";
				TEST_HOST = "$(BUILT_PRODUCTS_DIR)/tip.app/tip";
			};
			name = Debug;
		};
		525F075824DFCFB300BBDD46 /* Release */ = {
			isa = XCBuildConfiguration;
			buildSettings = {
				ALWAYS_EMBED_SWIFT_STANDARD_LIBRARIES = YES;
				BUNDLE_LOADER = "$(TEST_HOST)";
				CODE_SIGN_STYLE = Automatic;
				INFOPLIST_FILE = tipTests/Info.plist;
				IPHONEOS_DEPLOYMENT_TARGET = 13.6;
				LD_RUNPATH_SEARCH_PATHS = (
					"$(inherited)",
					"@executable_path/Frameworks",
					"@loader_path/Frameworks",
				);
				PRODUCT_BUNDLE_IDENTIFIER = Codepath.tipTests;
				PRODUCT_NAME = "$(TARGET_NAME)";
				SWIFT_VERSION = 5.0;
				TARGETED_DEVICE_FAMILY = "1,2";
				TEST_HOST = "$(BUILT_PRODUCTS_DIR)/tip.app/tip";
			};
			name = Release;
		};
		525F075A24DFCFB300BBDD46 /* Debug */ = {
			isa = XCBuildConfiguration;
			buildSettings = {
				ALWAYS_EMBED_SWIFT_STANDARD_LIBRARIES = YES;
				CODE_SIGN_STYLE = Automatic;
				INFOPLIST_FILE = tipUITests/Info.plist;
				LD_RUNPATH_SEARCH_PATHS = (
					"$(inherited)",
					"@executable_path/Frameworks",
					"@loader_path/Frameworks",
				);
				PRODUCT_BUNDLE_IDENTIFIER = Codepath.tipUITests;
				PRODUCT_NAME = "$(TARGET_NAME)";
				SWIFT_VERSION = 5.0;
				TARGETED_DEVICE_FAMILY = "1,2";
				TEST_TARGET_NAME = tip;
			};
			name = Debug;
		};
		525F075B24DFCFB300BBDD46 /* Release */ = {
			isa = XCBuildConfiguration;
			buildSettings = {
				ALWAYS_EMBED_SWIFT_STANDARD_LIBRARIES = YES;
				CODE_SIGN_STYLE = Automatic;
				INFOPLIST_FILE = tipUITests/Info.plist;
				LD_RUNPATH_SEARCH_PATHS = (
					"$(inherited)",
					"@executable_path/Frameworks",
					"@loader_path/Frameworks",
				);
				PRODUCT_BUNDLE_IDENTIFIER = Codepath.tipUITests;
				PRODUCT_NAME = "$(TARGET_NAME)";
				SWIFT_VERSION = 5.0;
				TARGETED_DEVICE_FAMILY = "1,2";
				TEST_TARGET_NAME = tip;
			};
			name = Release;
		};
/* End XCBuildConfiguration section */

/* Begin XCConfigurationList section */
		525F072424DFCFA600BBDD46 /* Build configuration list for PBXProject "tip" */ = {
			isa = XCConfigurationList;
			buildConfigurations = (
				525F075124DFCFB300BBDD46 /* Debug */,
				525F075224DFCFB300BBDD46 /* Release */,
			);
			defaultConfigurationIsVisible = 0;
			defaultConfigurationName = Release;
		};
		525F075324DFCFB300BBDD46 /* Build configuration list for PBXNativeTarget "tip" */ = {
			isa = XCConfigurationList;
			buildConfigurations = (
				525F075424DFCFB300BBDD46 /* Debug */,
				525F075524DFCFB300BBDD46 /* Release */,
			);
			defaultConfigurationIsVisible = 0;
			defaultConfigurationName = Release;
		};
		525F075624DFCFB300BBDD46 /* Build configuration list for PBXNativeTarget "tipTests" */ = {
			isa = XCConfigurationList;
			buildConfigurations = (
				525F075724DFCFB300BBDD46 /* Debug */,
				525F075824DFCFB300BBDD46 /* Release */,
			);
			defaultConfigurationIsVisible = 0;
			defaultConfigurationName = Release;
		};
		525F075924DFCFB300BBDD46 /* Build configuration list for PBXNativeTarget "tipUITests" */ = {
			isa = XCConfigurationList;
			buildConfigurations = (
				525F075A24DFCFB300BBDD46 /* Debug */,
				525F075B24DFCFB300BBDD46 /* Release */,
			);
			defaultConfigurationIsVisible = 0;
			defaultConfigurationName = Release;
		};
/* End XCConfigurationList section */
	};
	rootObject = 525F072124DFCFA600BBDD46 /* Project object */;
}
